
Microsoft Visual Studio Solution File, Format Version 12.00
Project("{2150E333-8FDC-42A3-9474-1A3956D46DE8}") = "Solution Items", "Solution Items", "{CA1097DB-7868-4E45-BB42-9DEA3ECF9D5D}"
	ProjectSection(SolutionItems) = preProject
		global.json = global.json
		README.md = README.md
		scratch.md = scratch.md
		src\docker-compose.yml = src\docker-compose.yml
		src\docker-compose.override.yml = src\docker-compose.override.yml
		.dockerignore = .dockerignore
	EndProjectSection
EndProject
Project("{2150E333-8FDC-42A3-9474-1A3956D46DE8}") = "src", "src", "{B231B699-20FD-4144-B7CB-B036512A48A7}"
EndProject
Project("{2150E333-8FDC-42A3-9474-1A3956D46DE8}") = "tests", "tests", "{85E2F50D-ACB2-4973-A2D5-779C17EEA6E6}"
EndProject
Project("{2150E333-8FDC-42A3-9474-1A3956D46DE8}") = "ApiGateways", "ApiGateways", "{CD905F83-3A2B-4D96-BA04-6E0D454E9BE9}"
EndProject
Project("{2150E333-8FDC-42A3-9474-1A3956D46DE8}") = "BuildingBlocks", "BuildingBlocks", "{55CB960A-C34E-4E50-9814-E39367A858AA}"
EndProject
Project("{2150E333-8FDC-42A3-9474-1A3956D46DE8}") = "Services", "Services", "{B0F818A1-376D-4A90-81B0-BF85924E75E4}"
EndProject
Project("{2150E333-8FDC-42A3-9474-1A3956D46DE8}") = "WebApps", "WebApps", "{9E35ABFF-653A-4786-8E9D-3052740824DA}"
EndProject
Project("{FAE04EC0-301F-11D3-BF4B-00C04F79EFBC}") = "Common.Logging", "src\BuildingBlocks\Common.Logging\Common.Logging.csproj", "{68CF9000-E0F8-4AE2-A202-CC38582164F7}"
EndProject
Project("{FAE04EC0-301F-11D3-BF4B-00C04F79EFBC}") = "EventBus.Messages", "src\BuildingBlocks\EventBus.Messages\EventBus.Messages.csproj", "{E30E9BE3-976E-4D52-81BE-1DDEA8AF27C9}"
EndProject
Project("{2150E333-8FDC-42A3-9474-1A3956D46DE8}") = "Product", "Product", "{49311CCB-1CE8-49B2-9C24-A021866B809F}"
EndProject
Project("{2150E333-8FDC-42A3-9474-1A3956D46DE8}") = "Customer", "Customer", "{A5432F34-2F2D-4CE3-892A-2AB13085BCAE}"
EndProject
Project("{2150E333-8FDC-42A3-9474-1A3956D46DE8}") = "Basket", "Basket", "{277E8996-8983-47FF-B508-1E99E2FA838A}"
EndProject
Project("{2150E333-8FDC-42A3-9474-1A3956D46DE8}") = "Ordering", "Ordering", "{77A8D55C-91DB-4B2E-B0FC-00FC58ACE195}"
EndProject
Project("{2150E333-8FDC-42A3-9474-1A3956D46DE8}") = "Inventory", "Inventory", "{061734BC-6C4B-4449-854B-0856E2FC568C}"
EndProject
Project("{2150E333-8FDC-42A3-9474-1A3956D46DE8}") = "ScheduledJob", "ScheduledJob", "{1A29288F-EFF9-4839-BE16-9B9C08108DDD}"
EndProject
Project("{FAE04EC0-301F-11D3-BF4B-00C04F79EFBC}") = "WebHealthStatus", "src\WebApps\WebHealthStatus\WebHealthStatus.csproj", "{C6234113-7422-4FB2-948F-73985EA4800C}"
EndProject
Project("{FAE04EC0-301F-11D3-BF4B-00C04F79EFBC}") = "Basket.API", "src\Services\Basket.API\Basket.API.csproj", "{62E5A935-B4F1-43E9-9246-340C91ED5FE2}"
EndProject
Project("{FAE04EC0-301F-11D3-BF4B-00C04F79EFBC}") = "Customer.API", "src\Services\Customer.API\Customer.API.csproj", "{51366941-EDB2-4521-9C04-A6939F053395}"
EndProject
Project("{FAE04EC0-301F-11D3-BF4B-00C04F79EFBC}") = "Inventory.Product.API", "src\Services\Inventory.Product.API\Inventory.Product.API.csproj", "{D0B0034B-1B0A-4180-81FA-EE8B9B4BCA31}"
EndProject
Project("{FAE04EC0-301F-11D3-BF4B-00C04F79EFBC}") = "Ordering.API", "src\Services\Ordering.API\Ordering.API.csproj", "{33AD464B-A1CE-4C8F-8325-08B6EF615FA6}"
EndProject
Project("{FAE04EC0-301F-11D3-BF4B-00C04F79EFBC}") = "Product.API", "src\Services\Product.API\Product.API.csproj", "{88A5D742-A63E-44CB-8E20-1314DD0607C1}"
EndProject
Project("{FAE04EC0-301F-11D3-BF4B-00C04F79EFBC}") = "Hangfire.API", "src\Services\Hangfire.API\Hangfire.API.csproj", "{F31C86CA-6EB7-4C01-91E0-6981A987F9DB}"
EndProject
Project("{FAE04EC0-301F-11D3-BF4B-00C04F79EFBC}") = "Contracts", "src\BuildingBlocks\Contracts\Contracts.csproj", "{63C4D1F5-7A19-428F-A158-46E34B9B75B9}"
EndProject
Project("{FAE04EC0-301F-11D3-BF4B-00C04F79EFBC}") = "Infrastructure", "src\BuildingBlocks\Infrastructure\Infrastructure.csproj", "{1EDF2170-802E-4BFC-A4B2-7C1E2C9CCC11}"
EndProject
Project("{FAE04EC0-301F-11D3-BF4B-00C04F79EFBC}") = "Shared", "src\BuildingBlocks\Shared\Shared.csproj", "{26452253-0A3D-4763-93E0-B9015623C2FE}"
EndProject
Project("{FAE04EC0-301F-11D3-BF4B-00C04F79EFBC}") = "OcelotApiGw", "src\ApiGateways\OcelotApiGw\OcelotApiGw.csproj", "{715AED3C-D626-4808-B148-B5DD35E7EF2F}"
EndProject
Global
	GlobalSection(SolutionConfigurationPlatforms) = preSolution
		Debug|Any CPU = Debug|Any CPU
		Release|Any CPU = Release|Any CPU
	EndGlobalSection
	GlobalSection(NestedProjects) = preSolution
		{CD905F83-3A2B-4D96-BA04-6E0D454E9BE9} = {B231B699-20FD-4144-B7CB-B036512A48A7}
		{55CB960A-C34E-4E50-9814-E39367A858AA} = {B231B699-20FD-4144-B7CB-B036512A48A7}
		{B0F818A1-376D-4A90-81B0-BF85924E75E4} = {B231B699-20FD-4144-B7CB-B036512A48A7}
		{9E35ABFF-653A-4786-8E9D-3052740824DA} = {B231B699-20FD-4144-B7CB-B036512A48A7}
		{68CF9000-E0F8-4AE2-A202-CC38582164F7} = {55CB960A-C34E-4E50-9814-E39367A858AA}
		{E30E9BE3-976E-4D52-81BE-1DDEA8AF27C9} = {55CB960A-C34E-4E50-9814-E39367A858AA}
		{49311CCB-1CE8-49B2-9C24-A021866B809F} = {B0F818A1-376D-4A90-81B0-BF85924E75E4}
		{A5432F34-2F2D-4CE3-892A-2AB13085BCAE} = {B0F818A1-376D-4A90-81B0-BF85924E75E4}
		{277E8996-8983-47FF-B508-1E99E2FA838A} = {B0F818A1-376D-4A90-81B0-BF85924E75E4}
		{77A8D55C-91DB-4B2E-B0FC-00FC58ACE195} = {B0F818A1-376D-4A90-81B0-BF85924E75E4}
		{061734BC-6C4B-4449-854B-0856E2FC568C} = {B0F818A1-376D-4A90-81B0-BF85924E75E4}
		{1A29288F-EFF9-4839-BE16-9B9C08108DDD} = {B0F818A1-376D-4A90-81B0-BF85924E75E4}
		{C6234113-7422-4FB2-948F-73985EA4800C} = {9E35ABFF-653A-4786-8E9D-3052740824DA}
		{62E5A935-B4F1-43E9-9246-340C91ED5FE2} = {277E8996-8983-47FF-B508-1E99E2FA838A}
		{51366941-EDB2-4521-9C04-A6939F053395} = {A5432F34-2F2D-4CE3-892A-2AB13085BCAE}
		{D0B0034B-1B0A-4180-81FA-EE8B9B4BCA31} = {061734BC-6C4B-4449-854B-0856E2FC568C}
		{33AD464B-A1CE-4C8F-8325-08B6EF615FA6} = {77A8D55C-91DB-4B2E-B0FC-00FC58ACE195}
		{88A5D742-A63E-44CB-8E20-1314DD0607C1} = {49311CCB-1CE8-49B2-9C24-A021866B809F}
		{F31C86CA-6EB7-4C01-91E0-6981A987F9DB} = {1A29288F-EFF9-4839-BE16-9B9C08108DDD}
		{63C4D1F5-7A19-428F-A158-46E34B9B75B9} = {55CB960A-C34E-4E50-9814-E39367A858AA}
		{1EDF2170-802E-4BFC-A4B2-7C1E2C9CCC11} = {55CB960A-C34E-4E50-9814-E39367A858AA}
		{26452253-0A3D-4763-93E0-B9015623C2FE} = {55CB960A-C34E-4E50-9814-E39367A858AA}
		{715AED3C-D626-4808-B148-B5DD35E7EF2F} = {CD905F83-3A2B-4D96-BA04-6E0D454E9BE9}
	EndGlobalSection
	GlobalSection(ProjectConfigurationPlatforms) = postSolution
		{68CF9000-E0F8-4AE2-A202-CC38582164F7}.Debug|Any CPU.ActiveCfg = Debug|Any CPU
		{68CF9000-E0F8-4AE2-A202-CC38582164F7}.Debug|Any CPU.Build.0 = Debug|Any CPU
		{68CF9000-E0F8-4AE2-A202-CC38582164F7}.Release|Any CPU.ActiveCfg = Release|Any CPU
		{68CF9000-E0F8-4AE2-A202-CC38582164F7}.Release|Any CPU.Build.0 = Release|Any CPU
		{E30E9BE3-976E-4D52-81BE-1DDEA8AF27C9}.Debug|Any CPU.ActiveCfg = Debug|Any CPU
		{E30E9BE3-976E-4D52-81BE-1DDEA8AF27C9}.Debug|Any CPU.Build.0 = Debug|Any CPU
		{E30E9BE3-976E-4D52-81BE-1DDEA8AF27C9}.Release|Any CPU.ActiveCfg = Release|Any CPU
		{E30E9BE3-976E-4D52-81BE-1DDEA8AF27C9}.Release|Any CPU.Build.0 = Release|Any CPU
		{C6234113-7422-4FB2-948F-73985EA4800C}.Debug|Any CPU.ActiveCfg = Debug|Any CPU
		{C6234113-7422-4FB2-948F-73985EA4800C}.Debug|Any CPU.Build.0 = Debug|Any CPU
		{C6234113-7422-4FB2-948F-73985EA4800C}.Release|Any CPU.ActiveCfg = Release|Any CPU
		{C6234113-7422-4FB2-948F-73985EA4800C}.Release|Any CPU.Build.0 = Release|Any CPU
		{62E5A935-B4F1-43E9-9246-340C91ED5FE2}.Debug|Any CPU.ActiveCfg = Debug|Any CPU
		{62E5A935-B4F1-43E9-9246-340C91ED5FE2}.Debug|Any CPU.Build.0 = Debug|Any CPU
		{62E5A935-B4F1-43E9-9246-340C91ED5FE2}.Release|Any CPU.ActiveCfg = Release|Any CPU
		{62E5A935-B4F1-43E9-9246-340C91ED5FE2}.Release|Any CPU.Build.0 = Release|Any CPU
		{51366941-EDB2-4521-9C04-A6939F053395}.Debug|Any CPU.ActiveCfg = Debug|Any CPU
		{51366941-EDB2-4521-9C04-A6939F053395}.Debug|Any CPU.Build.0 = Debug|Any CPU
		{51366941-EDB2-4521-9C04-A6939F053395}.Release|Any CPU.ActiveCfg = Release|Any CPU
		{51366941-EDB2-4521-9C04-A6939F053395}.Release|Any CPU.Build.0 = Release|Any CPU
		{D0B0034B-1B0A-4180-81FA-EE8B9B4BCA31}.Debug|Any CPU.ActiveCfg = Debug|Any CPU
		{D0B0034B-1B0A-4180-81FA-EE8B9B4BCA31}.Debug|Any CPU.Build.0 = Debug|Any CPU
		{D0B0034B-1B0A-4180-81FA-EE8B9B4BCA31}.Release|Any CPU.ActiveCfg = Release|Any CPU
		{D0B0034B-1B0A-4180-81FA-EE8B9B4BCA31}.Release|Any CPU.Build.0 = Release|Any CPU
		{33AD464B-A1CE-4C8F-8325-08B6EF615FA6}.Debug|Any CPU.ActiveCfg = Debug|Any CPU
		{33AD464B-A1CE-4C8F-8325-08B6EF615FA6}.Debug|Any CPU.Build.0 = Debug|Any CPU
		{33AD464B-A1CE-4C8F-8325-08B6EF615FA6}.Release|Any CPU.ActiveCfg = Release|Any CPU
		{33AD464B-A1CE-4C8F-8325-08B6EF615FA6}.Release|Any CPU.Build.0 = Release|Any CPU
		{88A5D742-A63E-44CB-8E20-1314DD0607C1}.Debug|Any CPU.ActiveCfg = Debug|Any CPU
		{88A5D742-A63E-44CB-8E20-1314DD0607C1}.Debug|Any CPU.Build.0 = Debug|Any CPU
		{88A5D742-A63E-44CB-8E20-1314DD0607C1}.Release|Any CPU.ActiveCfg = Release|Any CPU
		{88A5D742-A63E-44CB-8E20-1314DD0607C1}.Release|Any CPU.Build.0 = Release|Any CPU
		{F31C86CA-6EB7-4C01-91E0-6981A987F9DB}.Debug|Any CPU.ActiveCfg = Debug|Any CPU
		{F31C86CA-6EB7-4C01-91E0-6981A987F9DB}.Debug|Any CPU.Build.0 = Debug|Any CPU
		{F31C86CA-6EB7-4C01-91E0-6981A987F9DB}.Release|Any CPU.ActiveCfg = Release|Any CPU
		{F31C86CA-6EB7-4C01-91E0-6981A987F9DB}.Release|Any CPU.Build.0 = Release|Any CPU
		{63C4D1F5-7A19-428F-A158-46E34B9B75B9}.Debug|Any CPU.ActiveCfg = Debug|Any CPU
		{63C4D1F5-7A19-428F-A158-46E34B9B75B9}.Debug|Any CPU.Build.0 = Debug|Any CPU
		{63C4D1F5-7A19-428F-A158-46E34B9B75B9}.Release|Any CPU.ActiveCfg = Release|Any CPU
		{63C4D1F5-7A19-428F-A158-46E34B9B75B9}.Release|Any CPU.Build.0 = Release|Any CPU
		{1EDF2170-802E-4BFC-A4B2-7C1E2C9CCC11}.Debug|Any CPU.ActiveCfg = Debug|Any CPU
		{1EDF2170-802E-4BFC-A4B2-7C1E2C9CCC11}.Debug|Any CPU.Build.0 = Debug|Any CPU
		{1EDF2170-802E-4BFC-A4B2-7C1E2C9CCC11}.Release|Any CPU.ActiveCfg = Release|Any CPU
		{1EDF2170-802E-4BFC-A4B2-7C1E2C9CCC11}.Release|Any CPU.Build.0 = Release|Any CPU
		{26452253-0A3D-4763-93E0-B9015623C2FE}.Debug|Any CPU.ActiveCfg = Debug|Any CPU
		{26452253-0A3D-4763-93E0-B9015623C2FE}.Debug|Any CPU.Build.0 = Debug|Any CPU
		{26452253-0A3D-4763-93E0-B9015623C2FE}.Release|Any CPU.ActiveCfg = Release|Any CPU
		{26452253-0A3D-4763-93E0-B9015623C2FE}.Release|Any CPU.Build.0 = Release|Any CPU
		{715AED3C-D626-4808-B148-B5DD35E7EF2F}.Debug|Any CPU.ActiveCfg = Debug|Any CPU
		{715AED3C-D626-4808-B148-B5DD35E7EF2F}.Debug|Any CPU.Build.0 = Debug|Any CPU
		{715AED3C-D626-4808-B148-B5DD35E7EF2F}.Release|Any CPU.ActiveCfg = Release|Any CPU
		{715AED3C-D626-4808-B148-B5DD35E7EF2F}.Release|Any CPU.Build.0 = Release|Any CPU
	EndGlobalSection
EndGlobal
