
Microsoft Visual Studio Solution File, Format Version 12.00
Project("{2150E333-8FDC-42A3-9474-1A3956D46DE8}") = "Solution Items", "Solution Items", "{CB87A2E8-7193-4F30-961D-9402E872EB9E}"
	ProjectSection(SolutionItems) = preProject
		global.json = global.json
		README.md = README.md
		src\docker-compose.yml = src\docker-compose.yml
		src\docker-compose.override.yml = src\docker-compose.override.yml
	EndProjectSection
EndProject
Project("{2150E333-8FDC-42A3-9474-1A3956D46DE8}") = "src", "src", "{0DA0F0AA-503F-46E5-B200-B76BDD8873FC}"
EndProject
Project("{2150E333-8FDC-42A3-9474-1A3956D46DE8}") = "tests", "tests", "{72FA8038-8766-4EEB-8FE2-A2530B03C0EA}"
EndProject
Project("{2150E333-8FDC-42A3-9474-1A3956D46DE8}") = "ApiGateways", "ApiGateways", "{89D34D19-407B-464A-A775-63C5987A72AA}"
EndProject
Project("{2150E333-8FDC-42A3-9474-1A3956D46DE8}") = "BuildingBlocks", "BuildingBlocks", "{3A5E3B0F-B4EB-4D5C-B37A-3CBCF955D851}"
EndProject
Project("{2150E333-8FDC-42A3-9474-1A3956D46DE8}") = "Services", "Services", "{7DCB14C1-447E-4F2E-9085-539811224A68}"
EndProject
Project("{2150E333-8FDC-42A3-9474-1A3956D46DE8}") = "WebApps", "WebApps", "{C153D3E3-49F1-446D-AB3E-67EBDD86BD8D}"
EndProject
Project("{FAE04EC0-301F-11D3-BF4B-00C04F79EFBC}") = "Common.Logging", "src\BuildingBlocks\Common.Logging\Common.Logging.csproj", "{CB7125C7-6AEA-491C-9712-170B98AD5C9E}"
EndProject
Project("{FAE04EC0-301F-11D3-BF4B-00C04F79EFBC}") = "EventBus.Messages", "src\BuildingBlocks\EventBus.Messages\EventBus.Messages.csproj", "{92E2C87A-53D2-4C25-882B-6161F7CCAF53}"
EndProject
Project("{2150E333-8FDC-42A3-9474-1A3956D46DE8}") = "Product", "Product", "{B45E20D0-5896-4EE3-BE54-3A4597836865}"
EndProject
Project("{2150E333-8FDC-42A3-9474-1A3956D46DE8}") = "Customer", "Customer", "{5BBDA88C-998F-4A95-AEFF-416AB7EF8708}"
EndProject
Project("{2150E333-8FDC-42A3-9474-1A3956D46DE8}") = "Basket", "Basket", "{866EAE12-6922-4009-BD37-0C901D1354F1}"
EndProject
Project("{2150E333-8FDC-42A3-9474-1A3956D46DE8}") = "Ordering", "Ordering", "{26017A13-5293-4EE9-A6CA-B3F943E0E902}"
EndProject
Project("{2150E333-8FDC-42A3-9474-1A3956D46DE8}") = "Inventory", "Inventory", "{E009E5FE-9C91-4435-8C9B-7ECCE337610F}"
EndProject
Project("{2150E333-8FDC-42A3-9474-1A3956D46DE8}") = "ScheduledJob", "ScheduledJob", "{6E40044B-5871-4E05-BA85-C13D3D2189C4}"
EndProject
Project("{FAE04EC0-301F-11D3-BF4B-00C04F79EFBC}") = "WebHealthStatus", "src\WebApps\WebHealthStatus\WebHealthStatus.csproj", "{E5FF543F-6AC3-489B-AA7F-44CDAC24EAC4}"
EndProject
Project("{FAE04EC0-301F-11D3-BF4B-00C04F79EFBC}") = "Basket.API", "src\Services\Basket.API\Basket.API.csproj", "{9C89ED30-824B-4ABC-AAEE-AE696523ECCF}"
EndProject
Project("{FAE04EC0-301F-11D3-BF4B-00C04F79EFBC}") = "Customer.API", "src\Services\Customer.API\Customer.API.csproj", "{84F05C1E-0549-48EC-BA43-4A3384AFE3E5}"
EndProject
Project("{FAE04EC0-301F-11D3-BF4B-00C04F79EFBC}") = "Inventory.Product.API", "src\Services\Inventory.Product.API\Inventory.Product.API.csproj", "{E380BBDE-6D90-4C83-A3FE-DB84E893D3D0}"
EndProject
Project("{FAE04EC0-301F-11D3-BF4B-00C04F79EFBC}") = "Ordering.API", "src\Services\Ordering.API\Ordering.API.csproj", "{8894D08D-4B3E-4658-A11B-45FE106EF017}"
EndProject
Project("{FAE04EC0-301F-11D3-BF4B-00C04F79EFBC}") = "Product.API", "src\Services\Product.API\Product.API.csproj", "{17BFCC7B-47C6-4DA6-B23B-F4ECE3AD0E2A}"
EndProject
Project("{FAE04EC0-301F-11D3-BF4B-00C04F79EFBC}") = "Hangfire.API", "src\Services\Hangfire.API\Hangfire.API.csproj", "{34463602-1377-4652-BE0B-8D0055FD04A3}"
EndProject
Project("{FAE04EC0-301F-11D3-BF4B-00C04F79EFBC}") = "Contracts", "src\BuildingBlocks\Contracts\Contracts.csproj", "{BCE59341-D455-4F97-B2BB-3F05B9633AD1}"
EndProject
Project("{FAE04EC0-301F-11D3-BF4B-00C04F79EFBC}") = "Infrastructure", "src\BuildingBlocks\Infrastructure\Infrastructure.csproj", "{BF03C45B-BB74-45E6-B971-16506CD26130}"
EndProject
Project("{FAE04EC0-301F-11D3-BF4B-00C04F79EFBC}") = "Shared", "src\BuildingBlocks\Shared\Shared.csproj", "{F12EF4FE-CDB8-4547-B759-38E9B33AD186}"
EndProject
Project("{FAE04EC0-301F-11D3-BF4B-00C04F79EFBC}") = "OcelotApiGw", "src\ApiGateways\OcelotApiGw\OcelotApiGw.csproj", "{51716C62-CAD2-4D27-9221-CD16F2D84A27}"
EndProject
Global
	GlobalSection(SolutionConfigurationPlatforms) = preSolution
		Debug|Any CPU = Debug|Any CPU
		Release|Any CPU = Release|Any CPU
	EndGlobalSection
	GlobalSection(NestedProjects) = preSolution
		{89D34D19-407B-464A-A775-63C5987A72AA} = {0DA0F0AA-503F-46E5-B200-B76BDD8873FC}
		{3A5E3B0F-B4EB-4D5C-B37A-3CBCF955D851} = {0DA0F0AA-503F-46E5-B200-B76BDD8873FC}
		{7DCB14C1-447E-4F2E-9085-539811224A68} = {0DA0F0AA-503F-46E5-B200-B76BDD8873FC}
		{C153D3E3-49F1-446D-AB3E-67EBDD86BD8D} = {0DA0F0AA-503F-46E5-B200-B76BDD8873FC}
		{CB7125C7-6AEA-491C-9712-170B98AD5C9E} = {3A5E3B0F-B4EB-4D5C-B37A-3CBCF955D851}
		{92E2C87A-53D2-4C25-882B-6161F7CCAF53} = {3A5E3B0F-B4EB-4D5C-B37A-3CBCF955D851}
		{B45E20D0-5896-4EE3-BE54-3A4597836865} = {7DCB14C1-447E-4F2E-9085-539811224A68}
		{5BBDA88C-998F-4A95-AEFF-416AB7EF8708} = {7DCB14C1-447E-4F2E-9085-539811224A68}
		{866EAE12-6922-4009-BD37-0C901D1354F1} = {7DCB14C1-447E-4F2E-9085-539811224A68}
		{26017A13-5293-4EE9-A6CA-B3F943E0E902} = {7DCB14C1-447E-4F2E-9085-539811224A68}
		{E009E5FE-9C91-4435-8C9B-7ECCE337610F} = {7DCB14C1-447E-4F2E-9085-539811224A68}
		{6E40044B-5871-4E05-BA85-C13D3D2189C4} = {7DCB14C1-447E-4F2E-9085-539811224A68}
		{E5FF543F-6AC3-489B-AA7F-44CDAC24EAC4} = {C153D3E3-49F1-446D-AB3E-67EBDD86BD8D}
		{9C89ED30-824B-4ABC-AAEE-AE696523ECCF} = {866EAE12-6922-4009-BD37-0C901D1354F1}
		{84F05C1E-0549-48EC-BA43-4A3384AFE3E5} = {5BBDA88C-998F-4A95-AEFF-416AB7EF8708}
		{E380BBDE-6D90-4C83-A3FE-DB84E893D3D0} = {E009E5FE-9C91-4435-8C9B-7ECCE337610F}
		{8894D08D-4B3E-4658-A11B-45FE106EF017} = {26017A13-5293-4EE9-A6CA-B3F943E0E902}
		{17BFCC7B-47C6-4DA6-B23B-F4ECE3AD0E2A} = {B45E20D0-5896-4EE3-BE54-3A4597836865}
		{34463602-1377-4652-BE0B-8D0055FD04A3} = {6E40044B-5871-4E05-BA85-C13D3D2189C4}
		{BCE59341-D455-4F97-B2BB-3F05B9633AD1} = {3A5E3B0F-B4EB-4D5C-B37A-3CBCF955D851}
		{BF03C45B-BB74-45E6-B971-16506CD26130} = {3A5E3B0F-B4EB-4D5C-B37A-3CBCF955D851}
		{F12EF4FE-CDB8-4547-B759-38E9B33AD186} = {3A5E3B0F-B4EB-4D5C-B37A-3CBCF955D851}
		{51716C62-CAD2-4D27-9221-CD16F2D84A27} = {89D34D19-407B-464A-A775-63C5987A72AA}
	EndGlobalSection
	GlobalSection(ProjectConfigurationPlatforms) = postSolution
		{CB7125C7-6AEA-491C-9712-170B98AD5C9E}.Debug|Any CPU.ActiveCfg = Debug|Any CPU
		{CB7125C7-6AEA-491C-9712-170B98AD5C9E}.Debug|Any CPU.Build.0 = Debug|Any CPU
		{CB7125C7-6AEA-491C-9712-170B98AD5C9E}.Release|Any CPU.ActiveCfg = Release|Any CPU
		{CB7125C7-6AEA-491C-9712-170B98AD5C9E}.Release|Any CPU.Build.0 = Release|Any CPU
		{92E2C87A-53D2-4C25-882B-6161F7CCAF53}.Debug|Any CPU.ActiveCfg = Debug|Any CPU
		{92E2C87A-53D2-4C25-882B-6161F7CCAF53}.Debug|Any CPU.Build.0 = Debug|Any CPU
		{92E2C87A-53D2-4C25-882B-6161F7CCAF53}.Release|Any CPU.ActiveCfg = Release|Any CPU
		{92E2C87A-53D2-4C25-882B-6161F7CCAF53}.Release|Any CPU.Build.0 = Release|Any CPU
		{E5FF543F-6AC3-489B-AA7F-44CDAC24EAC4}.Debug|Any CPU.ActiveCfg = Debug|Any CPU
		{E5FF543F-6AC3-489B-AA7F-44CDAC24EAC4}.Debug|Any CPU.Build.0 = Debug|Any CPU
		{E5FF543F-6AC3-489B-AA7F-44CDAC24EAC4}.Release|Any CPU.ActiveCfg = Release|Any CPU
		{E5FF543F-6AC3-489B-AA7F-44CDAC24EAC4}.Release|Any CPU.Build.0 = Release|Any CPU
		{9C89ED30-824B-4ABC-AAEE-AE696523ECCF}.Debug|Any CPU.ActiveCfg = Debug|Any CPU
		{9C89ED30-824B-4ABC-AAEE-AE696523ECCF}.Debug|Any CPU.Build.0 = Debug|Any CPU
		{9C89ED30-824B-4ABC-AAEE-AE696523ECCF}.Release|Any CPU.ActiveCfg = Release|Any CPU
		{9C89ED30-824B-4ABC-AAEE-AE696523ECCF}.Release|Any CPU.Build.0 = Release|Any CPU
		{84F05C1E-0549-48EC-BA43-4A3384AFE3E5}.Debug|Any CPU.ActiveCfg = Debug|Any CPU
		{84F05C1E-0549-48EC-BA43-4A3384AFE3E5}.Debug|Any CPU.Build.0 = Debug|Any CPU
		{84F05C1E-0549-48EC-BA43-4A3384AFE3E5}.Release|Any CPU.ActiveCfg = Release|Any CPU
		{84F05C1E-0549-48EC-BA43-4A3384AFE3E5}.Release|Any CPU.Build.0 = Release|Any CPU
		{E380BBDE-6D90-4C83-A3FE-DB84E893D3D0}.Debug|Any CPU.ActiveCfg = Debug|Any CPU
		{E380BBDE-6D90-4C83-A3FE-DB84E893D3D0}.Debug|Any CPU.Build.0 = Debug|Any CPU
		{E380BBDE-6D90-4C83-A3FE-DB84E893D3D0}.Release|Any CPU.ActiveCfg = Release|Any CPU
		{E380BBDE-6D90-4C83-A3FE-DB84E893D3D0}.Release|Any CPU.Build.0 = Release|Any CPU
		{8894D08D-4B3E-4658-A11B-45FE106EF017}.Debug|Any CPU.ActiveCfg = Debug|Any CPU
		{8894D08D-4B3E-4658-A11B-45FE106EF017}.Debug|Any CPU.Build.0 = Debug|Any CPU
		{8894D08D-4B3E-4658-A11B-45FE106EF017}.Release|Any CPU.ActiveCfg = Release|Any CPU
		{8894D08D-4B3E-4658-A11B-45FE106EF017}.Release|Any CPU.Build.0 = Release|Any CPU
		{17BFCC7B-47C6-4DA6-B23B-F4ECE3AD0E2A}.Debug|Any CPU.ActiveCfg = Debug|Any CPU
		{17BFCC7B-47C6-4DA6-B23B-F4ECE3AD0E2A}.Debug|Any CPU.Build.0 = Debug|Any CPU
		{17BFCC7B-47C6-4DA6-B23B-F4ECE3AD0E2A}.Release|Any CPU.ActiveCfg = Release|Any CPU
		{17BFCC7B-47C6-4DA6-B23B-F4ECE3AD0E2A}.Release|Any CPU.Build.0 = Release|Any CPU
		{34463602-1377-4652-BE0B-8D0055FD04A3}.Debug|Any CPU.ActiveCfg = Debug|Any CPU
		{34463602-1377-4652-BE0B-8D0055FD04A3}.Debug|Any CPU.Build.0 = Debug|Any CPU
		{34463602-1377-4652-BE0B-8D0055FD04A3}.Release|Any CPU.ActiveCfg = Release|Any CPU
		{34463602-1377-4652-BE0B-8D0055FD04A3}.Release|Any CPU.Build.0 = Release|Any CPU
		{BCE59341-D455-4F97-B2BB-3F05B9633AD1}.Debug|Any CPU.ActiveCfg = Debug|Any CPU
		{BCE59341-D455-4F97-B2BB-3F05B9633AD1}.Debug|Any CPU.Build.0 = Debug|Any CPU
		{BCE59341-D455-4F97-B2BB-3F05B9633AD1}.Release|Any CPU.ActiveCfg = Release|Any CPU
		{BCE59341-D455-4F97-B2BB-3F05B9633AD1}.Release|Any CPU.Build.0 = Release|Any CPU
		{BF03C45B-BB74-45E6-B971-16506CD26130}.Debug|Any CPU.ActiveCfg = Debug|Any CPU
		{BF03C45B-BB74-45E6-B971-16506CD26130}.Debug|Any CPU.Build.0 = Debug|Any CPU
		{BF03C45B-BB74-45E6-B971-16506CD26130}.Release|Any CPU.ActiveCfg = Release|Any CPU
		{BF03C45B-BB74-45E6-B971-16506CD26130}.Release|Any CPU.Build.0 = Release|Any CPU
		{F12EF4FE-CDB8-4547-B759-38E9B33AD186}.Debug|Any CPU.ActiveCfg = Debug|Any CPU
		{F12EF4FE-CDB8-4547-B759-38E9B33AD186}.Debug|Any CPU.Build.0 = Debug|Any CPU
		{F12EF4FE-CDB8-4547-B759-38E9B33AD186}.Release|Any CPU.ActiveCfg = Release|Any CPU
		{F12EF4FE-CDB8-4547-B759-38E9B33AD186}.Release|Any CPU.Build.0 = Release|Any CPU
		{51716C62-CAD2-4D27-9221-CD16F2D84A27}.Debug|Any CPU.ActiveCfg = Debug|Any CPU
		{51716C62-CAD2-4D27-9221-CD16F2D84A27}.Debug|Any CPU.Build.0 = Debug|Any CPU
		{51716C62-CAD2-4D27-9221-CD16F2D84A27}.Release|Any CPU.ActiveCfg = Release|Any CPU
		{51716C62-CAD2-4D27-9221-CD16F2D84A27}.Release|Any CPU.Build.0 = Release|Any CPU
	EndGlobalSection
EndGlobal
